
Microsoft Visual Studio Solution File, Format Version 11.00
# Visual Studio 2010
Project("{FAE04EC0-301F-11D3-BF4B-00C04F79EFBC}") = "StandardClassLibrary", "StandardClassLibrary\StandardClassLibrary.csproj", "{F27350B0-BC25-4A88-9417-A3EADA2C6293}"
EndProject
Project("{2150E333-8FDC-42A3-9474-1A3956D46DE8}") = "Visual Studio", "Visual Studio", "{BA589541-DB97-4C06-A457-343436E54B35}"
	ProjectSection(SolutionItems) = preProject
		CrossPlatformTesting.vsmdi = CrossPlatformTesting.vsmdi
		Local.testsettings = Local.testsettings
		TraceAndTestImpact.testsettings = TraceAndTestImpact.testsettings
	EndProjectSection
EndProject
Project("{FAE04EC0-301F-11D3-BF4B-00C04F79EFBC}") = "VisualStudioTesting", "VisualStudioTesting\VisualStudioTesting.csproj", "{E9327AF8-8398-4171-BA1A-E1FF7F17AD7B}"
EndProject
Project("{2150E333-8FDC-42A3-9474-1A3956D46DE8}") = "MonoDevelop", "MonoDevelop", "{100254FE-9CAD-4738-8D8F-BECA0B89BBD0}"
EndProject
Project("{FAE04EC0-301F-11D3-BF4B-00C04F79EFBC}") = "MonoDevelopTesting", "..\..\MonoProjects\CrossPlatformTesting\MonoDevelopTesting\MonoDevelopTesting.csproj", "{0C9B58DF-B709-4670-A3DD-06023E3B0990}"
EndProject
Project("{FAE04EC0-301F-11D3-BF4B-00C04F79EFBC}") = "MonoTouchClassLibrary", "..\..\MonoProjects\CrossPlatformTesting\MonoTouchClassLibrary\MonoTouchClassLibrary.csproj", "{EE739487-89C4-4A67-ADF0-14D0F815FD44}"
EndProject
Project("{FAE04EC0-301F-11D3-BF4B-00C04F79EFBC}") = "MonoTouchTesting", "..\..\MonoProjects\CrossPlatformTesting\MonoTouchTesting\MonoTouchTesting.csproj", "{6C5EFC93-6676-453E-9120-0DE50EEBB472}"
EndProject
Project("{2150E333-8FDC-42A3-9474-1A3956D46DE8}") = "Solution Items", "Solution Items", "{DDCD9BC2-D601-4ECB-BB7B-B74BB9BBA368}"
	ProjectSection(SolutionItems) = preProject
		..\..\MonoProjects\CrossPlatformTesting\readme.md = ..\..\MonoProjects\CrossPlatformTesting\readme.md
	EndProjectSection
EndProject
Global
	GlobalSection(SolutionConfigurationPlatforms) = preSolution
		Debug|Any CPU = Debug|Any CPU
		Release|Any CPU = Release|Any CPU
		Default|Any CPU = Default|Any CPU
		Debug|iPhoneSimulator = Debug|iPhoneSimulator
		Release|iPhoneSimulator = Release|iPhoneSimulator
		Debug|iPhone = Debug|iPhone
		Release|iPhone = Release|iPhone
		Ad-Hoc|iPhone = Ad-Hoc|iPhone
		AppStore|iPhone = AppStore|iPhone
	EndGlobalSection
	GlobalSection(ProjectConfigurationPlatforms) = postSolution
		{0C9B58DF-B709-4670-A3DD-06023E3B0990}.Debug|Any CPU.ActiveCfg = Debug|Any CPU
		{0C9B58DF-B709-4670-A3DD-06023E3B0990}.Debug|Any CPU.Build.0 = Debug|Any CPU
		{0C9B58DF-B709-4670-A3DD-06023E3B0990}.Default|Any CPU.ActiveCfg = Debug|Any CPU
		{0C9B58DF-B709-4670-A3DD-06023E3B0990}.Default|Any CPU.Build.0 = Debug|Any CPU
		{0C9B58DF-B709-4670-A3DD-06023E3B0990}.Release|Any CPU.ActiveCfg = Release|Any CPU
		{0C9B58DF-B709-4670-A3DD-06023E3B0990}.Release|Any CPU.Build.0 = Release|Any CPU
		{6C5EFC93-6676-453E-9120-0DE50EEBB472}.Ad-Hoc|iPhone.ActiveCfg = Ad-Hoc|iPhone
		{6C5EFC93-6676-453E-9120-0DE50EEBB472}.Ad-Hoc|iPhone.Build.0 = Ad-Hoc|iPhone
		{6C5EFC93-6676-453E-9120-0DE50EEBB472}.AppStore|iPhone.ActiveCfg = AppStore|iPhone
		{6C5EFC93-6676-453E-9120-0DE50EEBB472}.AppStore|iPhone.Build.0 = AppStore|iPhone
		{6C5EFC93-6676-453E-9120-0DE50EEBB472}.Debug|Any CPU.ActiveCfg = Debug|iPhoneSimulator
		{6C5EFC93-6676-453E-9120-0DE50EEBB472}.Debug|Any CPU.Build.0 = Debug|iPhoneSimulator
		{6C5EFC93-6676-453E-9120-0DE50EEBB472}.Debug|iPhone.ActiveCfg = Debug|iPhone
		{6C5EFC93-6676-453E-9120-0DE50EEBB472}.Debug|iPhone.Build.0 = Debug|iPhone
		{6C5EFC93-6676-453E-9120-0DE50EEBB472}.Debug|iPhoneSimulator.ActiveCfg = Debug|iPhoneSimulator
		{6C5EFC93-6676-453E-9120-0DE50EEBB472}.Debug|iPhoneSimulator.Build.0 = Debug|iPhoneSimulator
		{6C5EFC93-6676-453E-9120-0DE50EEBB472}.Default|Any CPU.ActiveCfg = Debug|iPhoneSimulator
		{6C5EFC93-6676-453E-9120-0DE50EEBB472}.Default|Any CPU.Build.0 = Debug|iPhoneSimulator
		{6C5EFC93-6676-453E-9120-0DE50EEBB472}.Release|Any CPU.ActiveCfg = Release|iPhoneSimulator
		{6C5EFC93-6676-453E-9120-0DE50EEBB472}.Release|Any CPU.Build.0 = Release|iPhoneSimulator
		{6C5EFC93-6676-453E-9120-0DE50EEBB472}.Release|iPhone.ActiveCfg = Release|iPhone
		{6C5EFC93-6676-453E-9120-0DE50EEBB472}.Release|iPhone.Build.0 = Release|iPhone
		{6C5EFC93-6676-453E-9120-0DE50EEBB472}.Release|iPhoneSimulator.ActiveCfg = Release|iPhoneSimulator
		{6C5EFC93-6676-453E-9120-0DE50EEBB472}.Release|iPhoneSimulator.Build.0 = Release|iPhoneSimulator
		{E9327AF8-8398-4171-BA1A-E1FF7F17AD7B}.Debug|Any CPU.ActiveCfg = Debug|Any CPU
		{E9327AF8-8398-4171-BA1A-E1FF7F17AD7B}.Debug|Any CPU.Build.0 = Debug|Any CPU
		{E9327AF8-8398-4171-BA1A-E1FF7F17AD7B}.Release|Any CPU.ActiveCfg = Release|Any CPU
		{E9327AF8-8398-4171-BA1A-E1FF7F17AD7B}.Release|Any CPU.Build.0 = Release|Any CPU
		{EE739487-89C4-4A67-ADF0-14D0F815FD44}.Debug|Any CPU.ActiveCfg = Debug|Any CPU
		{EE739487-89C4-4A67-ADF0-14D0F815FD44}.Debug|Any CPU.Build.0 = Debug|Any CPU
		{EE739487-89C4-4A67-ADF0-14D0F815FD44}.Default|Any CPU.ActiveCfg = Debug|Any CPU
		{EE739487-89C4-4A67-ADF0-14D0F815FD44}.Default|Any CPU.Build.0 = Debug|Any CPU
		{EE739487-89C4-4A67-ADF0-14D0F815FD44}.Release|Any CPU.ActiveCfg = Release|Any CPU
		{EE739487-89C4-4A67-ADF0-14D0F815FD44}.Release|Any CPU.Build.0 = Release|Any CPU
		{F27350B0-BC25-4A88-9417-A3EADA2C6293}.Debug|Any CPU.ActiveCfg = Debug|Any CPU
		{F27350B0-BC25-4A88-9417-A3EADA2C6293}.Debug|Any CPU.Build.0 = Debug|Any CPU
		{F27350B0-BC25-4A88-9417-A3EADA2C6293}.Release|Any CPU.ActiveCfg = Release|Any CPU
		{F27350B0-BC25-4A88-9417-A3EADA2C6293}.Release|Any CPU.Build.0 = Release|Any CPU
	EndGlobalSection
	GlobalSection(NestedProjects) = preSolution
		{E9327AF8-8398-4171-BA1A-E1FF7F17AD7B} = {BA589541-DB97-4C06-A457-343436E54B35}
		{0C9B58DF-B709-4670-A3DD-06023E3B0990} = {100254FE-9CAD-4738-8D8F-BECA0B89BBD0}
		{EE739487-89C4-4A67-ADF0-14D0F815FD44} = {100254FE-9CAD-4738-8D8F-BECA0B89BBD0}
		{6C5EFC93-6676-453E-9120-0DE50EEBB472} = {100254FE-9CAD-4738-8D8F-BECA0B89BBD0}
	EndGlobalSection
	GlobalSection(MonoDevelopProperties) = preSolution
		StartupItem = ..\..\MonoProjects\CrossPlatformTesting\MonoTouchTesting\MonoTouchTesting.csproj
	EndGlobalSection
	GlobalSection(TestCaseManagementSettings) = postSolution
		CategoryFile = CrossPlatformTesting.vsmdi
	EndGlobalSection
	GlobalSection(SolutionProperties) = preSolution
		HideSolutionNode = FALSE
	EndGlobalSection
EndGlobal
